[[package]]
name = "zdppy-mysql"
version = "0.2.5"
description = "使用python操作MySQL,同步版本,支持事务"
category = "main"
optional = false
python-versions = ">=3.9,<4.0"

[metadata]
lock-version = "1.1"
python-versions = "^3.10"
content-hash = "70c66197653ee71c35b4a1145cce95c4bd78b601fa2f37450922ba7da053f8bd"

[metadata.files]
zdppy-mysql = []
